
Microsoft Visual Studio Solution File, Format Version 12.00
# Visual Studio 15
VisualStudioVersion = 15.0.27703.2047
MinimumVisualStudioVersion = 10.0.40219.1
Project("{FAE04EC0-301F-11D3-BF4B-00C04F79EFBC}") = "Hello World", "Hello World\Hello World.csproj", "{57DA43F0-6004-416A-91F2-83FE364EF56C}"
EndProject
Global
	GlobalSection(SolutionConfigurationPlatforms) = preSolution
		Debug|Any CPU = Debug|Any CPU
		Release|Any CPU = Release|Any CPU
	EndGlobalSection
	GlobalSection(ProjectConfigurationPlatforms) = postSolution
		{57DA43F0-6004-416A-91F2-83FE364EF56C}.Debug|Any CPU.ActiveCfg = Debug|Any CPU
		{57DA43F0-6004-416A-91F2-83FE364EF56C}.Debug|Any CPU.Build.0 = Debug|Any CPU
		{57DA43F0-6004-416A-91F2-83FE364EF56C}.Release|Any CPU.ActiveCfg = Release|Any CPU
		{57DA43F0-6004-416A-91F2-83FE364EF56C}.Release|Any CPU.Build.0 = Release|Any CPU
	EndGlobalSection
	GlobalSection(SolutionProperties) = preSolution
		HideSolutionNode = FALSE
	EndGlobalSection
	GlobalSection(ExtensibilityGlobals) = postSolution
		SolutionGuid = {B20B5697-2A6C-4AF0-B37C-C365B70394E1}
	EndGlobalSection
EndGlobal
